// !$*UTF8*$!
{
	archiveVersion = 1;
	classes = {
	};
	objectVersion = 50;
	objects = {

/* Begin PBXBuildFile section */
		DB3A534E222D5F6300146A52 /* main.m in Sources */ = {isa = PBXBuildFile; fileRef = DB3A534D222D5F6300146A52 /* main.m */; };
		DB3A5359222D89F500146A52 /* BNArray.c in Sources */ = {isa = PBXBuildFile; fileRef = DB3A5358222D89F500146A52 /* BNArray.c */; };
		DB577E1022413A8E00B76579 /* BNDynamicPlanning.c in Sources */ = {isa = PBXBuildFile; fileRef = DB577E0F22413A8E00B76579 /* BNDynamicPlanning.c */; };
		DB59B1AB22300A64009C60EB /* BNSort.c in Sources */ = {isa = PBXBuildFile; fileRef = DB59B1AA22300A64009C60EB /* BNSort.c */; };
		DB5F26A122586F2100DF7EB4 /* BNOther.cpp in Sources */ = {isa = PBXBuildFile; fileRef = DB5F269F22586F2100DF7EB4 /* BNOther.cpp */; };
		DB6413C722491B7E0008483B /* BNNArray.cpp in Sources */ = {isa = PBXBuildFile; fileRef = DB6413C522491B7E0008483B /* BNNArray.cpp */; };
		DB6413CA2253C4CE0008483B /* linkedList.cpp in Sources */ = {isa = PBXBuildFile; fileRef = DB6413C82253C4CE0008483B /* linkedList.cpp */; };
		DB68D45422564DCF005EE8DA /* BNstring.cpp in Sources */ = {isa = PBXBuildFile; fileRef = DB68D45222564DCF005EE8DA /* BNstring.cpp */; };
		DB68D4572256520F005EE8DA /* BNTest.mm in Sources */ = {isa = PBXBuildFile; fileRef = DB68D4562256520F005EE8DA /* BNTest.mm */; };
		DB68D45A225653EB005EE8DA /* BNCString.c in Sources */ = {isa = PBXBuildFile; fileRef = DB68D459225653EB005EE8DA /* BNCString.c */; };
		DBA57DC62237FE4300ED878C /* BNDyPlan.c in Sources */ = {isa = PBXBuildFile; fileRef = DBA57DC52237FE4300ED878C /* BNDyPlan.c */; };
		DBA57DCA223820B700ED878C /* BNBinaryTree.c in Sources */ = {isa = PBXBuildFile; fileRef = DBA57DC9223820B700ED878C /* BNBinaryTree.c */; };
/* End PBXBuildFile section */

/* Begin PBXCopyFilesBuildPhase section */
		DB3A5348222D5F6300146A52 /* CopyFiles */ = {
			isa = PBXCopyFilesBuildPhase;
			buildActionMask = 2147483647;
			dstPath = /usr/share/man/man1/;
			dstSubfolderSpec = 0;
			files = (
			);
			runOnlyForDeploymentPostprocessing = 1;
		};
/* End PBXCopyFilesBuildPhase section */

/* Begin PBXFileReference section */
		DB3A534A222D5F6300146A52 /* 数据结构算法练习 */ = {isa = PBXFileReference; explicitFileType = "compiled.mach-o.executable"; includeInIndex = 0; path = "数据结构算法练习"; sourceTree = BUILT_PRODUCTS_DIR; };
		DB3A534D222D5F6300146A52 /* main.m */ = {isa = PBXFileReference; lastKnownFileType = sourcecode.c.objc; path = main.m; sourceTree = "<group>"; };
		DB3A5357222D89F500146A52 /* BNArray.h */ = {isa = PBXFileReference; lastKnownFileType = sourcecode.c.h; path = BNArray.h; sourceTree = "<group>"; };
		DB3A5358222D89F500146A52 /* BNArray.c */ = {isa = PBXFileReference; lastKnownFileType = sourcecode.c.c; path = BNArray.c; sourceTree = "<group>"; };
		DB577E0E22413A8E00B76579 /* BNDynamicPlanning.h */ = {isa = PBXFileReference; lastKnownFileType = sourcecode.c.h; path = BNDynamicPlanning.h; sourceTree = "<group>"; };
		DB577E0F22413A8E00B76579 /* BNDynamicPlanning.c */ = {isa = PBXFileReference; lastKnownFileType = sourcecode.c.c; path = BNDynamicPlanning.c; sourceTree = "<group>"; };
		DB59B1A922300A64009C60EB /* BNSort.h */ = {isa = PBXFileReference; lastKnownFileType = sourcecode.c.h; path = BNSort.h; sourceTree = "<group>"; };
		DB59B1AA22300A64009C60EB /* BNSort.c */ = {isa = PBXFileReference; lastKnownFileType = sourcecode.c.c; path = BNSort.c; sourceTree = "<group>"; };
		DB5F269F22586F2100DF7EB4 /* BNOther.cpp */ = {isa = PBXFileReference; lastKnownFileType = sourcecode.cpp.cpp; path = BNOther.cpp; sourceTree = "<group>"; };
		DB5F26A022586F2100DF7EB4 /* BNOther.hpp */ = {isa = PBXFileReference; lastKnownFileType = sourcecode.cpp.h; path = BNOther.hpp; sourceTree = "<group>"; };
		DB6413C522491B7E0008483B /* BNNArray.cpp */ = {isa = PBXFileReference; lastKnownFileType = sourcecode.cpp.cpp; path = BNNArray.cpp; sourceTree = "<group>"; };
		DB6413C622491B7E0008483B /* BNNArray.hpp */ = {isa = PBXFileReference; lastKnownFileType = sourcecode.cpp.h; path = BNNArray.hpp; sourceTree = "<group>"; };
		DB6413C82253C4CE0008483B /* linkedList.cpp */ = {isa = PBXFileReference; lastKnownFileType = sourcecode.cpp.cpp; path = linkedList.cpp; sourceTree = "<group>"; };
		DB6413C92253C4CE0008483B /* linkedList.hpp */ = {isa = PBXFileReference; lastKnownFileType = sourcecode.cpp.h; path = linkedList.hpp; sourceTree = "<group>"; };
		DB68D45222564DCF005EE8DA /* BNstring.cpp */ = {isa = PBXFileReference; lastKnownFileType = sourcecode.cpp.cpp; path = BNstring.cpp; sourceTree = "<group>"; };
		DB68D45322564DCF005EE8DA /* BNstring.hpp */ = {isa = PBXFileReference; lastKnownFileType = sourcecode.cpp.h; path = BNstring.hpp; sourceTree = "<group>"; };
		DB68D4552256520F005EE8DA /* BNTest.h */ = {isa = PBXFileReference; lastKnownFileType = sourcecode.c.h; path = BNTest.h; sourceTree = "<group>"; };
		DB68D4562256520F005EE8DA /* BNTest.mm */ = {isa = PBXFileReference; lastKnownFileType = sourcecode.cpp.objcpp; path = BNTest.mm; sourceTree = "<group>"; };
		DB68D458225653EB005EE8DA /* BNCString.h */ = {isa = PBXFileReference; lastKnownFileType = sourcecode.c.h; path = BNCString.h; sourceTree = "<group>"; };
		DB68D459225653EB005EE8DA /* BNCString.c */ = {isa = PBXFileReference; lastKnownFileType = sourcecode.c.c; path = BNCString.c; sourceTree = "<group>"; };
		DBA57DC42237FE4300ED878C /* BNDyPlan.h */ = {isa = PBXFileReference; lastKnownFileType = sourcecode.c.h; path = BNDyPlan.h; sourceTree = "<group>"; };
		DBA57DC52237FE4300ED878C /* BNDyPlan.c */ = {isa = PBXFileReference; lastKnownFileType = sourcecode.c.c; path = BNDyPlan.c; sourceTree = "<group>"; };
		DBA57DC8223820B700ED878C /* BNBinaryTree.h */ = {isa = PBXFileReference; lastKnownFileType = sourcecode.c.h; path = BNBinaryTree.h; sourceTree = "<group>"; };
		DBA57DC9223820B700ED878C /* BNBinaryTree.c */ = {isa = PBXFileReference; lastKnownFileType = sourcecode.c.c; path = BNBinaryTree.c; sourceTree = "<group>"; };
/* End PBXFileReference section */

/* Begin PBXFrameworksBuildPhase section */
		DB3A5347222D5F6300146A52 /* Frameworks */ = {
			isa = PBXFrameworksBuildPhase;
			buildActionMask = 2147483647;
			files = (
			);
			runOnlyForDeploymentPostprocessing = 0;
		};
/* End PBXFrameworksBuildPhase section */

/* Begin PBXGroup section */
		DB3A5341222D5F6300146A52 = {
			isa = PBXGroup;
			children = (
				DB3A534C222D5F6300146A52 /* 数据结构算法练习 */,
				DB3A534B222D5F6300146A52 /* Products */,
			);
			sourceTree = "<group>";
		};
		DB3A534B222D5F6300146A52 /* Products */ = {
			isa = PBXGroup;
			children = (
				DB3A534A222D5F6300146A52 /* 数据结构算法练习 */,
			);
			name = Products;
			sourceTree = "<group>";
		};
		DB3A534C222D5F6300146A52 /* 数据结构算法练习 */ = {
			isa = PBXGroup;
			children = (
				DB3A534D222D5F6300146A52 /* main.m */,
				DB68D4552256520F005EE8DA /* BNTest.h */,
				DB68D4562256520F005EE8DA /* BNTest.mm */,
				DB6224122264BDB40029FE30 /* c */,
				DB6224132264BDBA0029FE30 /* c++ */,
			);
			path = "数据结构算法练习";
			sourceTree = "<group>";
		};
		DB6224122264BDB40029FE30 /* c */ = {
			isa = PBXGroup;
			children = (
				DB3A5357222D89F500146A52 /* BNArray.h */,
				DB3A5358222D89F500146A52 /* BNArray.c */,
				DB59B1A922300A64009C60EB /* BNSort.h */,
				DB59B1AA22300A64009C60EB /* BNSort.c */,
				DBA57DC42237FE4300ED878C /* BNDyPlan.h */,
				DBA57DC52237FE4300ED878C /* BNDyPlan.c */,
				DBA57DC8223820B700ED878C /* BNBinaryTree.h */,
				DBA57DC9223820B700ED878C /* BNBinaryTree.c */,
				DB577E0E22413A8E00B76579 /* BNDynamicPlanning.h */,
				DB577E0F22413A8E00B76579 /* BNDynamicPlanning.c */,
				DB68D458225653EB005EE8DA /* BNCString.h */,
				DB68D459225653EB005EE8DA /* BNCString.c */,
			);
			path = c;
			sourceTree = "<group>";
		};
		DB6224132264BDBA0029FE30 /* c++ */ = {
			isa = PBXGroup;
			children = (
				DB6413C522491B7E0008483B /* BNNArray.cpp */,
				DB6413C622491B7E0008483B /* BNNArray.hpp */,
				DB6413C92253C4CE0008483B /* linkedList.hpp */,
				DB6413C82253C4CE0008483B /* linkedList.cpp */,
				DB68D45222564DCF005EE8DA /* BNstring.cpp */,
				DB68D45322564DCF005EE8DA /* BNstring.hpp */,
				DB5F269F22586F2100DF7EB4 /* BNOther.cpp */,
				DB5F26A022586F2100DF7EB4 /* BNOther.hpp */,
			);
			path = "c++";
			sourceTree = "<group>";
		};
/* End PBXGroup section */

/* Begin PBXNativeTarget section */
		DB3A5349222D5F6300146A52 /* 数据结构算法练习 */ = {
			isa = PBXNativeTarget;
			buildConfigurationList = DB3A5351222D5F6300146A52 /* Build configuration list for PBXNativeTarget "数据结构算法练习" */;
			buildPhases = (
				DB3A5346222D5F6300146A52 /* Sources */,
				DB3A5347222D5F6300146A52 /* Frameworks */,
				DB3A5348222D5F6300146A52 /* CopyFiles */,
			);
			buildRules = (
			);
			dependencies = (
			);
			name = "数据结构算法练习";
			productName = "数据结构算法练习";
			productReference = DB3A534A222D5F6300146A52 /* 数据结构算法练习 */;
			productType = "com.apple.product-type.tool";
		};
/* End PBXNativeTarget section */

/* Begin PBXProject section */
		DB3A5342222D5F6300146A52 /* Project object */ = {
			isa = PBXProject;
			attributes = {
				LastUpgradeCheck = 1000;
				ORGANIZATIONNAME = zengbailiang;
				TargetAttributes = {
					DB3A5349222D5F6300146A52 = {
						CreatedOnToolsVersion = 10.0;
					};
				};
			};
			buildConfigurationList = DB3A5345222D5F6300146A52 /* Build configuration list for PBXProject "数据结构算法练习" */;
			compatibilityVersion = "Xcode 9.3";
			developmentRegion = en;
			hasScannedForEncodings = 0;
			knownRegions = (
				en,
			);
			mainGroup = DB3A5341222D5F6300146A52;
			productRefGroup = DB3A534B222D5F6300146A52 /* Products */;
			projectDirPath = "";
			projectRoot = "";
			targets = (
				DB3A5349222D5F6300146A52 /* 数据结构算法练习 */,
			);
		};
/* End PBXProject section */

/* Begin PBXSourcesBuildPhase section */
		DB3A5346222D5F6300146A52 /* Sources */ = {
			isa = PBXSourcesBuildPhase;
			buildActionMask = 2147483647;
			files = (
				DB577E1022413A8E00B76579 /* BNDynamicPlanning.c in Sources */,
				DB68D45422564DCF005EE8DA /* BNstring.cpp in Sources */,
				DB6413C722491B7E0008483B /* BNNArray.cpp in Sources */,
				DBA57DC62237FE4300ED878C /* BNDyPlan.c in Sources */,
				DB68D45A225653EB005EE8DA /* BNCString.c in Sources */,
				DB59B1AB22300A64009C60EB /* BNSort.c in Sources */,
				DB3A5359222D89F500146A52 /* BNArray.c in Sources */,
				DB6413CA2253C4CE0008483B /* linkedList.cpp in Sources */,
				DBA57DCA223820B700ED878C /* BNBinaryTree.c in Sources */,
				DB3A534E222D5F6300146A52 /* main.m in Sources */,
				DB5F26A122586F2100DF7EB4 /* BNOther.cpp in Sources */,
				DB68D4572256520F005EE8DA /* BNTest.mm in Sources */,
			);
			runOnlyForDeploymentPostprocessing = 0;
		};
/* End PBXSourcesBuildPhase section */

/* Begin XCBuildConfiguration section */
		DB3A534F222D5F6300146A52 /* Debug */ = {
			isa = XCBuildConfiguration;
			buildSettings = {
				ALWAYS_SEARCH_USER_PATHS = NO;
				CLANG_ANALYZER_NONNULL = YES;
				CLANG_ANALYZER_NUMBER_OBJECT_CONVERSION = YES_AGGRESSIVE;
				CLANG_CXX_LANGUAGE_STANDARD = "gnu++14";
				CLANG_CXX_LIBRARY = "libc++";
				CLANG_ENABLE_MODULES = YES;
				CLANG_ENABLE_OBJC_ARC = YES;
				CLANG_ENABLE_OBJC_WEAK = YES;
				CLANG_WARN_BLOCK_CAPTURE_AUTORELEASING = YES;
				CLANG_WARN_BOOL_CONVERSION = YES;
				CLANG_WARN_COMMA = YES;
				CLANG_WARN_CONSTANT_CONVERSION = YES;
				CLANG_WARN_DEPRECATED_OBJC_IMPLEMENTATIONS = YES;
				CLANG_WARN_DIRECT_OBJC_ISA_USAGE = YES_ERROR;
				CLANG_WARN_DOCUMENTATION_COMMENTS = YES;
				CLANG_WARN_EMPTY_BODY = YES;
				CLANG_WARN_ENUM_CONVERSION = YES;
				CLANG_WARN_INFINITE_RECURSION = YES;
				CLANG_WARN_INT_CONVERSION = YES;
				CLANG_WARN_NON_LITERAL_NULL_CONVERSION = YES;
				CLANG_WARN_OBJC_IMPLICIT_RETAIN_SELF = YES;
				CLANG_WARN_OBJC_LITERAL_CONVERSION = YES;
				CLANG_WARN_OBJC_ROOT_CLASS = YES_ERROR;
				CLANG_WARN_RANGE_LOOP_ANALYSIS = YES;
				CLANG_WARN_STRICT_PROTOTYPES = YES;
				CLANG_WARN_SUSPICIOUS_MOVE = YES;
				CLANG_WARN_UNGUARDED_AVAILABILITY = YES_AGGRESSIVE;
				CLANG_WARN_UNREACHABLE_CODE = YES;
				CLANG_WARN__DUPLICATE_METHOD_MATCH = YES;
				CODE_SIGN_IDENTITY = "-";
				COPY_PHASE_STRIP = NO;
				DEBUG_INFORMATION_FORMAT = dwarf;
				ENABLE_STRICT_OBJC_MSGSEND = YES;
				ENABLE_TESTABILITY = YES;
				GCC_C_LANGUAGE_STANDARD = gnu11;
				GCC_DYNAMIC_NO_PIC = NO;
				GCC_NO_COMMON_BLOCKS = YES;
				GCC_OPTIMIZATION_LEVEL = 0;
				GCC_PREPROCESSOR_DEFINITIONS = (
					"DEBUG=1",
					"$(inherited)",
				);
				GCC_WARN_64_TO_32_BIT_CONVERSION = YES;
				GCC_WARN_ABOUT_RETURN_TYPE = YES_ERROR;
				GCC_WARN_UNDECLARED_SELECTOR = YES;
				GCC_WARN_UNINITIALIZED_AUTOS = YES_AGGRESSIVE;
				GCC_WARN_UNUSED_FUNCTION = YES;
				GCC_WARN_UNUSED_VARIABLE = YES;
				MACOSX_DEPLOYMENT_TARGET = 10.13;
				MTL_ENABLE_DEBUG_INFO = INCLUDE_SOURCE;
				MTL_FAST_MATH = YES;
				ONLY_ACTIVE_ARCH = YES;
				SDKROOT = macosx;
			};
			name = Debug;
		};
		DB3A5350222D5F6300146A52 /* Release */ = {
			isa = XCBuildConfiguration;
			buildSettings = {
				ALWAYS_SEARCH_USER_PATHS = NO;
				CLANG_ANALYZER_NONNULL = YES;
				CLANG_ANALYZER_NUMBER_OBJECT_CONVERSION = YES_AGGRESSIVE;
				CLANG_CXX_LANGUAGE_STANDARD = "gnu++14";
				CLANG_CXX_LIBRARY = "libc++";
				CLANG_ENABLE_MODULES = YES;
				CLANG_ENABLE_OBJC_ARC = YES;
				CLANG_ENABLE_OBJC_WEAK = YES;
				CLANG_WARN_BLOCK_CAPTURE_AUTORELEASING = YES;
				CLANG_WARN_BOOL_CONVERSION = YES;
				CLANG_WARN_COMMA = YES;
				CLANG_WARN_CONSTANT_CONVERSION = YES;
				CLANG_WARN_DEPRECATED_OBJC_IMPLEMENTATIONS = YES;
				CLANG_WARN_DIRECT_OBJC_ISA_USAGE = YES_ERROR;
				CLANG_WARN_DOCUMENTATION_COMMENTS = YES;
				CLANG_WARN_EMPTY_BODY = YES;
				CLANG_WARN_ENUM_CONVERSION = YES;
				CLANG_WARN_INFINITE_RECURSION = YES;
				CLANG_WARN_INT_CONVERSION = YES;
				CLANG_WARN_NON_LITERAL_NULL_CONVERSION = YES;
				CLANG_WARN_OBJC_IMPLICIT_RETAIN_SELF = YES;
				CLANG_WARN_OBJC_LITERAL_CONVERSION = YES;
				CLANG_WARN_OBJC_ROOT_CLASS = YES_ERROR;
				CLANG_WARN_RANGE_LOOP_ANALYSIS = YES;
				CLANG_WARN_STRICT_PROTOTYPES = YES;
				CLANG_WARN_SUSPICIOUS_MOVE = YES;
				CLANG_WARN_UNGUARDED_AVAILABILITY = YES_AGGRESSIVE;
				CLANG_WARN_UNREACHABLE_CODE = YES;
				CLANG_WARN__DUPLICATE_METHOD_MATCH = YES;
				CODE_SIGN_IDENTITY = "-";
				COPY_PHASE_STRIP = NO;
				DEBUG_INFORMATION_FORMAT = "dwarf-with-dsym";
				ENABLE_NS_ASSERTIONS = NO;
				ENABLE_STRICT_OBJC_MSGSEND = YES;
				GCC_C_LANGUAGE_STANDARD = gnu11;
				GCC_NO_COMMON_BLOCKS = YES;
				GCC_WARN_64_TO_32_BIT_CONVERSION = YES;
				GCC_WARN_ABOUT_RETURN_TYPE = YES_ERROR;
				GCC_WARN_UNDECLARED_SELECTOR = YES;
				GCC_WARN_UNINITIALIZED_AUTOS = YES_AGGRESSIVE;
				GCC_WARN_UNUSED_FUNCTION = YES;
				GCC_WARN_UNUSED_VARIABLE = YES;
				MACOSX_DEPLOYMENT_TARGET = 10.13;
				MTL_ENABLE_DEBUG_INFO = NO;
				MTL_FAST_MATH = YES;
				SDKROOT = macosx;
			};
			name = Release;
		};
		DB3A5352222D5F6300146A52 /* Debug */ = {
			isa = XCBuildConfiguration;
			buildSettings = {
				CODE_SIGN_STYLE = Automatic;
				PRODUCT_NAME = "$(TARGET_NAME)";
			};
			name = Debug;
		};
		DB3A5353222D5F6300146A52 /* Release */ = {
			isa = XCBuildConfiguration;
			buildSettings = {
				CODE_SIGN_STYLE = Automatic;
				PRODUCT_NAME = "$(TARGET_NAME)";
			};
			name = Release;
		};
/* End XCBuildConfiguration section */

/* Begin XCConfigurationList section */
		DB3A5345222D5F6300146A52 /* Build configuration list for PBXProject "数据结构算法练习" */ = {
			isa = XCConfigurationList;
			buildConfigurations = (
				DB3A534F222D5F6300146A52 /* Debug */,
				DB3A5350222D5F6300146A52 /* Release */,
			);
			defaultConfigurationIsVisible = 0;
			defaultConfigurationName = Release;
		};
		DB3A5351222D5F6300146A52 /* Build configuration list for PBXNativeTarget "数据结构算法练习" */ = {
			isa = XCConfigurationList;
			buildConfigurations = (
				DB3A5352222D5F6300146A52 /* Debug */,
				DB3A5353222D5F6300146A52 /* Release */,
			);
			defaultConfigurationIsVisible = 0;
			defaultConfigurationName = Release;
		};
/* End XCConfigurationList section */
	};
	rootObject = DB3A5342222D5F6300146A52 /* Project object */;
}
